<?xml version="1.0" encoding="utf-8"?>
<Project ToolsVersion="4.0" xmlns="http://schemas.microsoft.com/developer/msbuild/2003">
  <ItemGroup>
    <ClCompile Include="$(MSBuildThisFileDirectory)ProjectBehavior.cpp" />
    <ClCompile Include="$(MSBuildThisFileDirectory)ProjectShader.cpp" />
    <ClCompile Include="$(MSBuildThisFileDirectory)WinMain.cpp" />
    <ClCompile Include="$(MSBuildThisFileDirectory)BCGravity.cpp">
      <Filter>Component</Filter>
    </ClCompile>
    <ClCompile Include="$(MSBuildThisFileDirectory)BCCollision.cpp">
      <Filter>Component</Filter>
    </ClCompile>
    <ClCompile Include="$(MSBuildThisFileDirectory)Player.cpp">
      <Filter>Player</Filter>
    </ClCompile>
    <ClCompile Include="$(MSBuildThisFileDirectory)BCParticle.cpp">
      <Filter>Particle</Filter>
    </ClCompile>
    <ClCompile Include="$(MSBuildThisFileDirectory)Particles.cpp">
      <Filter>Particle</Filter>
    </ClCompile>
    <ClCompile Include="$(MSBuildThisFileDirectory)BCSprite.cpp">
      <Filter>Sprite</Filter>
    </ClCompile>
    <ClCompile Include="$(MSBuildThisFileDirectory)BlockData.cpp">
      <Filter>Block</Filter>
    </ClCompile>
    <ClCompile Include="$(MSBuildThisFileDirectory)Blocks.cpp">
      <Filter>Block</Filter>
    </ClCompile>
    <ClCompile Include="$(MSBuildThisFileDirectory)Bomb.cpp">
      <Filter>Bomb</Filter>
    </ClCompile>
    <ClCompile Include="$(MSBuildThisFileDirectory)BombItem.cpp">
      <Filter>Bomb</Filter>
    </ClCompile>
    <ClCompile Include="$(MSBuildThisFileDirectory)BombThrowArrow.cpp">
      <Filter>Bomb</Filter>
    </ClCompile>
    <ClCompile Include="$(MSBuildThisFileDirectory)GameStage.cpp">
      <Filter>Stage</Filter>
    </ClCompile>
    <ClCompile Include="$(MSBuildThisFileDirectory)GameStageH.cpp">
      <Filter>Stage\Debug</Filter>
    </ClCompile>
    <ClCompile Include="$(MSBuildThisFileDirectory)GameStageK.cpp">
      <Filter>Stage\Debug</Filter>
    </ClCompile>
    <ClCompile Include="$(MSBuildThisFileDirectory)GameStageM.cpp">
      <Filter>Stage\Debug</Filter>
    </ClCompile>
    <ClCompile Include="$(MSBuildThisFileDirectory)SelectStage.cpp">
      <Filter>Stage</Filter>
    </ClCompile>
    <ClCompile Include="$(MSBuildThisFileDirectory)TitleStage.cpp">
      <Filter>Stage</Filter>
    </ClCompile>
    <ClCompile Include="$(MSBuildThisFileDirectory)Scene.cpp">
      <Filter>Scene</Filter>
    </ClCompile>
    <ClCompile Include="$(MSBuildThisFileDirectory)GameScene.cpp">
      <Filter>Scene</Filter>
    </ClCompile>
    <ClCompile Include="$(MSBuildThisFileDirectory)MyCamera.cpp">
      <Filter>Camera</Filter>
    </ClCompile>
    <ClCompile Include="$(MSBuildThisFileDirectory)SoundManager.cpp">
      <Filter>Sound</Filter>
    </ClCompile>
    <ClCompile Include="$(MSBuildThisFileDirectory)TrackingEnemy.cpp">
      <Filter>Enemy</Filter>
    </ClCompile>
    <ClCompile Include="$(MSBuildThisFileDirectory)EnemyState.cpp">
      <Filter>Enemy</Filter>
    </ClCompile>
    <ClCompile Include="$(MSBuildThisFileDirectory)BackGround.cpp">
      <Filter>BackGround</Filter>
    </ClCompile>
    <ClCompile Include="$(MSBuildThisFileDirectory)Fadeout.cpp">
      <Filter>BackGround</Filter>
    </ClCompile>
    <ClCompile Include="$(MSBuildThisFileDirectory)Character.cpp">
      <Filter>Character</Filter>
    </ClCompile>
    <ClCompile Include="$(MSBuildThisFileDirectory)StageLengthBar.cpp">
      <Filter>StageObject</Filter>
    </ClCompile>
    <ClCompile Include="$(MSBuildThisFileDirectory)StageObjects.cpp">
      <Filter>StageObject</Filter>
    </ClCompile>
  </ItemGroup>
  <ItemGroup>
    <ClInclude Include="$(MSBuildThisFileDirectory)Input.h" />
    <ClInclude Include="$(MSBuildThisFileDirectory)Project.h" />
    <ClInclude Include="$(MSBuildThisFileDirectory)ProjectBehavior.h" />
    <ClInclude Include="$(MSBuildThisFileDirectory)ProjectShader.h" />
    <ClInclude Include="$(MSBuildThisFileDirectory)BCGravity.h">
      <Filter>Component</Filter>
    </ClInclude>
    <ClInclude Include="$(MSBuildThisFileDirectory)BCCollision.h">
      <Filter>Component</Filter>
    </ClInclude>
    <ClInclude Include="$(MSBuildThisFileDirectory)Player.h">
      <Filter>Player</Filter>
    </ClInclude>
    <ClInclude Include="$(MSBuildThisFileDirectory)BCParticle.h">
      <Filter>Particle</Filter>
    </ClInclude>
    <ClInclude Include="$(MSBuildThisFileDirectory)Particles.h">
      <Filter>Particle</Filter>
    </ClInclude>
    <ClInclude Include="$(MSBuildThisFileDirectory)BCSprite.h">
      <Filter>Sprite</Filter>
    </ClInclude>
    <ClInclude Include="$(MSBuildThisFileDirectory)BlockData.h">
      <Filter>Block</Filter>
    </ClInclude>
    <ClInclude Include="$(MSBuildThisFileDirectory)Blocks.h">
      <Filter>Block</Filter>
    </ClInclude>
    <ClInclude Include="$(MSBuildThisFileDirectory)Bomb.h">
      <Filter>Bomb</Filter>
    </ClInclude>
    <ClInclude Include="$(MSBuildThisFileDirectory)BombItem.h">
      <Filter>Bomb</Filter>
    </ClInclude>
    <ClInclude Include="$(MSBuildThisFileDirectory)BombThrowArrow.h">
      <Filter>Bomb</Filter>
    </ClInclude>
    <ClInclude Include="$(MSBuildThisFileDirectory)GameStage.h">
      <Filter>Stage</Filter>
    </ClInclude>
    <ClInclude Include="$(MSBuildThisFileDirectory)GameStageH.h">
      <Filter>Stage\Debug</Filter>
    </ClInclude>
    <ClInclude Include="$(MSBuildThisFileDirectory)GameStageK.h">
      <Filter>Stage\Debug</Filter>
    </ClInclude>
    <ClInclude Include="$(MSBuildThisFileDirectory)GameStageM.h">
      <Filter>Stage\Debug</Filter>
    </ClInclude>
    <ClInclude Include="$(MSBuildThisFileDirectory)SelectStage.h">
      <Filter>Stage</Filter>
    </ClInclude>
    <ClInclude Include="$(MSBuildThisFileDirectory)TitleStage.h">
      <Filter>Stage</Filter>
    </ClInclude>
    <ClInclude Include="$(MSBuildThisFileDirectory)Scene.h">
      <Filter>Scene</Filter>
    </ClInclude>
    <ClInclude Include="$(MSBuildThisFileDirectory)GameScene.h">
      <Filter>Scene</Filter>
    </ClInclude>
    <ClInclude Include="$(MSBuildThisFileDirectory)MyCamera.h">
      <Filter>Camera</Filter>
    </ClInclude>
    <ClInclude Include="$(MSBuildThisFileDirectory)SoundManager.h">
      <Filter>Sound</Filter>
    </ClInclude>
    <ClInclude Include="$(MSBuildThisFileDirectory)TrackingEnemy.h">
      <Filter>Enemy</Filter>
    </ClInclude>
    <ClInclude Include="$(MSBuildThisFileDirectory)EnemyState.h">
      <Filter>Enemy</Filter>
    </ClInclude>
    <ClInclude Include="$(MSBuildThisFileDirectory)BackGround.h">
      <Filter>BackGround</Filter>
    </ClInclude>
    <ClInclude Include="$(MSBuildThisFileDirectory)Fadeout.h">
      <Filter>BackGround</Filter>
    </ClInclude>
    <ClInclude Include="$(MSBuildThisFileDirectory)Character.h">
      <Filter>Character</Filter>
    </ClInclude>
    <ClInclude Include="$(MSBuildThisFileDirectory)StageLengthBar.h">
      <Filter>StageObject</Filter>
    </ClInclude>
    <ClInclude Include="$(MSBuildThisFileDirectory)StageObjects.h">
      <Filter>StageObject</Filter>
    </ClInclude>
  </ItemGroup>
  <ItemGroup>
    <Filter Include="Component">
      <UniqueIdentifier>{b656e8f6-3b57-463b-ae7f-7e2414822be9}</UniqueIdentifier>
    </Filter>
    <Filter Include="Player">
      <UniqueIdentifier>{1372a4be-68c1-40c5-8c6b-4258c0649032}</UniqueIdentifier>
    </Filter>
    <Filter Include="Particle">
      <UniqueIdentifier>{e5c7b3c8-71d6-4ef1-a2c8-6d584e8bd9a6}</UniqueIdentifier>
    </Filter>
    <Filter Include="Sprite">
      <UniqueIdentifier>{87ad4723-5660-47e0-a923-821f9a6afab3}</UniqueIdentifier>
    </Filter>
    <Filter Include="Block">
      <UniqueIdentifier>{e9c0dd8a-99a5-41d2-9eee-d327548e7b6b}</UniqueIdentifier>
    </Filter>
    <Filter Include="Bomb">
      <UniqueIdentifier>{2eb5ba8f-c1a5-4f83-9992-2e4984758ccf}</UniqueIdentifier>
    </Filter>
    <Filter Include="Stage">
      <UniqueIdentifier>{6141e3f5-7309-4a9a-b041-6bd8bb49b87a}</UniqueIdentifier>
    </Filter>
    <Filter Include="Stage\Debug">
      <UniqueIdentifier>{25632f90-d55a-43d3-b6cd-fe289ab7ed11}</UniqueIdentifier>
    </Filter>
    <Filter Include="Scene">
      <UniqueIdentifier>{8beb453e-994c-4432-a0be-db006ba5a86a}</UniqueIdentifier>
    </Filter>
    <Filter Include="Camera">
      <UniqueIdentifier>{4307d94d-c86c-4f6a-8606-bc18b947a4fb}</UniqueIdentifier>
    </Filter>
    <Filter Include="Sound">
      <UniqueIdentifier>{02d14b6a-97af-4e73-b42a-883269c75d75}</UniqueIdentifier>
    </Filter>
    <Filter Include="Enemy">
      <UniqueIdentifier>{556cc2c0-e1bd-4021-9561-6c8bc87ffbac}</UniqueIdentifier>
    </Filter>
    <Filter Include="BackGround">
      <UniqueIdentifier>{bebd36e9-bdcd-4d44-9ed8-80afc4ebd3de}</UniqueIdentifier>
    </Filter>
    <Filter Include="Character">
      <UniqueIdentifier>{2eedada7-00f1-423a-a12c-2feef5c974f6}</UniqueIdentifier>
    </Filter>
    <Filter Include="StageObject">
      <UniqueIdentifier>{da5d7b53-1245-4f1b-bd8a-2ef4f02790ad}</UniqueIdentifier>
    </Filter>
  </ItemGroup>
</Project>